
Microsoft Visual Studio Solution File, Format Version 12.00
# Visual Studio 15
VisualStudioVersion = 15.0.26430.12
MinimumVisualStudioVersion = 10.0.40219.1
Project("{D954291E-2A0B-460D-934E-DC6B0785DB48}") = "XF_NavigationPage", "XF_NavigationPage\XF_NavigationPage\XF_NavigationPage.shproj", "{6E8B5B49-B5E8-4C3C-90E7-17A15B4DB5F1}"
EndProject
Project("{FAE04EC0-301F-11D3-BF4B-00C04F79EFBC}") = "XF_NavigationPage.Android", "XF_NavigationPage\XF_NavigationPage.Android\XF_NavigationPage.Android.csproj", "{27EBE642-537A-4E3E-BEF0-AB6DE48CE333}"
EndProject
Project("{FAE04EC0-301F-11D3-BF4B-00C04F79EFBC}") = "XF_NavigationPage.iOS", "XF_NavigationPage\XF_NavigationPage.iOS\XF_NavigationPage.iOS.csproj", "{3439D07E-328D-4188-ADFD-D052267820A8}"
EndProject
Project("{FAE04EC0-301F-11D3-BF4B-00C04F79EFBC}") = "XF_NavigationPage.UWP", "XF_NavigationPage\XF_NavigationPage.UWP\XF_NavigationPage.UWP.csproj", "{81D1D12D-FE2B-4985-BBA9-6C3EB4409DCC}"
EndProject
Global
	GlobalSection(SharedMSBuildProjectFiles) = preSolution
		XF_NavigationPage\XF_NavigationPage\XF_NavigationPage.projitems*{27ebe642-537a-4e3e-bef0-ab6de48ce333}*SharedItemsImports = 4
		XF_NavigationPage\XF_NavigationPage\XF_NavigationPage.projitems*{3439d07e-328d-4188-adfd-d052267820a8}*SharedItemsImports = 4
		XF_NavigationPage\XF_NavigationPage\XF_NavigationPage.projitems*{6e8b5b49-b5e8-4c3c-90e7-17a15b4db5f1}*SharedItemsImports = 13
		XF_NavigationPage\XF_NavigationPage\XF_NavigationPage.projitems*{81d1d12d-fe2b-4985-bba9-6c3eb4409dcc}*SharedItemsImports = 4
	EndGlobalSection
	GlobalSection(SolutionConfigurationPlatforms) = preSolution
		Ad-Hoc|Any CPU = Ad-Hoc|Any CPU
		Ad-Hoc|ARM = Ad-Hoc|ARM
		Ad-Hoc|iPhone = Ad-Hoc|iPhone
		Ad-Hoc|iPhoneSimulator = Ad-Hoc|iPhoneSimulator
		Ad-Hoc|x64 = Ad-Hoc|x64
		Ad-Hoc|x86 = Ad-Hoc|x86
		AppStore|Any CPU = AppStore|Any CPU
		AppStore|ARM = AppStore|ARM
		AppStore|iPhone = AppStore|iPhone
		AppStore|iPhoneSimulator = AppStore|iPhoneSimulator
		AppStore|x64 = AppStore|x64
		AppStore|x86 = AppStore|x86
		Debug|Any CPU = Debug|Any CPU
		Debug|ARM = Debug|ARM
		Debug|iPhone = Debug|iPhone
		Debug|iPhoneSimulator = Debug|iPhoneSimulator
		Debug|x64 = Debug|x64
		Debug|x86 = Debug|x86
		Release|Any CPU = Release|Any CPU
		Release|ARM = Release|ARM
		Release|iPhone = Release|iPhone
		Release|iPhoneSimulator = Release|iPhoneSimulator
		Release|x64 = Release|x64
		Release|x86 = Release|x86
	EndGlobalSection
	GlobalSection(ProjectConfigurationPlatforms) = postSolution
		{27EBE642-537A-4E3E-BEF0-AB6DE48CE333}.Ad-Hoc|Any CPU.ActiveCfg = Release|Any CPU
		{27EBE642-537A-4E3E-BEF0-AB6DE48CE333}.Ad-Hoc|Any CPU.Build.0 = Release|Any CPU
		{27EBE642-537A-4E3E-BEF0-AB6DE48CE333}.Ad-Hoc|Any CPU.Deploy.0 = Release|Any CPU
		{27EBE642-537A-4E3E-BEF0-AB6DE48CE333}.Ad-Hoc|ARM.ActiveCfg = Release|Any CPU
		{27EBE642-537A-4E3E-BEF0-AB6DE48CE333}.Ad-Hoc|ARM.Build.0 = Release|Any CPU
		{27EBE642-537A-4E3E-BEF0-AB6DE48CE333}.Ad-Hoc|ARM.Deploy.0 = Release|Any CPU
		{27EBE642-537A-4E3E-BEF0-AB6DE48CE333}.Ad-Hoc|iPhone.ActiveCfg = Release|Any CPU
		{27EBE642-537A-4E3E-BEF0-AB6DE48CE333}.Ad-Hoc|iPhone.Build.0 = Release|Any CPU
		{27EBE642-537A-4E3E-BEF0-AB6DE48CE333}.Ad-Hoc|iPhone.Deploy.0 = Release|Any CPU
		{27EBE642-537A-4E3E-BEF0-AB6DE48CE333}.Ad-Hoc|iPhoneSimulator.ActiveCfg = Release|Any CPU
		{27EBE642-537A-4E3E-BEF0-AB6DE48CE333}.Ad-Hoc|iPhoneSimulator.Build.0 = Release|Any CPU
		{27EBE642-537A-4E3E-BEF0-AB6DE48CE333}.Ad-Hoc|iPhoneSimulator.Deploy.0 = Release|Any CPU
		{27EBE642-537A-4E3E-BEF0-AB6DE48CE333}.Ad-Hoc|x64.ActiveCfg = Release|Any CPU
		{27EBE642-537A-4E3E-BEF0-AB6DE48CE333}.Ad-Hoc|x64.Build.0 = Release|Any CPU
		{27EBE642-537A-4E3E-BEF0-AB6DE48CE333}.Ad-Hoc|x64.Deploy.0 = Release|Any CPU
		{27EBE642-537A-4E3E-BEF0-AB6DE48CE333}.Ad-Hoc|x86.ActiveCfg = Release|Any CPU
		{27EBE642-537A-4E3E-BEF0-AB6DE48CE333}.Ad-Hoc|x86.Build.0 = Release|Any CPU
		{27EBE642-537A-4E3E-BEF0-AB6DE48CE333}.Ad-Hoc|x86.Deploy.0 = Release|Any CPU
		{27EBE642-537A-4E3E-BEF0-AB6DE48CE333}.AppStore|Any CPU.ActiveCfg = Release|Any CPU
		{27EBE642-537A-4E3E-BEF0-AB6DE48CE333}.AppStore|Any CPU.Build.0 = Release|Any CPU
		{27EBE642-537A-4E3E-BEF0-AB6DE48CE333}.AppStore|Any CPU.Deploy.0 = Release|Any CPU
		{27EBE642-537A-4E3E-BEF0-AB6DE48CE333}.AppStore|ARM.ActiveCfg = Release|Any CPU
		{27EBE642-537A-4E3E-BEF0-AB6DE48CE333}.AppStore|ARM.Build.0 = Release|Any CPU
		{27EBE642-537A-4E3E-BEF0-AB6DE48CE333}.AppStore|ARM.Deploy.0 = Release|Any CPU
		{27EBE642-537A-4E3E-BEF0-AB6DE48CE333}.AppStore|iPhone.ActiveCfg = Release|Any CPU
		{27EBE642-537A-4E3E-BEF0-AB6DE48CE333}.AppStore|iPhone.Build.0 = Release|Any CPU
		{27EBE642-537A-4E3E-BEF0-AB6DE48CE333}.AppStore|iPhone.Deploy.0 = Release|Any CPU
		{27EBE642-537A-4E3E-BEF0-AB6DE48CE333}.AppStore|iPhoneSimulator.ActiveCfg = Release|Any CPU
		{27EBE642-537A-4E3E-BEF0-AB6DE48CE333}.AppStore|iPhoneSimulator.Build.0 = Release|Any CPU
		{27EBE642-537A-4E3E-BEF0-AB6DE48CE333}.AppStore|iPhoneSimulator.Deploy.0 = Release|Any CPU
		{27EBE642-537A-4E3E-BEF0-AB6DE48CE333}.AppStore|x64.ActiveCfg = Release|Any CPU
		{27EBE642-537A-4E3E-BEF0-AB6DE48CE333}.AppStore|x64.Build.0 = Release|Any CPU
		{27EBE642-537A-4E3E-BEF0-AB6DE48CE333}.AppStore|x64.Deploy.0 = Release|Any CPU
		{27EBE642-537A-4E3E-BEF0-AB6DE48CE333}.AppStore|x86.ActiveCfg = Release|Any CPU
		{27EBE642-537A-4E3E-BEF0-AB6DE48CE333}.AppStore|x86.Build.0 = Release|Any CPU
		{27EBE642-537A-4E3E-BEF0-AB6DE48CE333}.AppStore|x86.Deploy.0 = Release|Any CPU
		{27EBE642-537A-4E3E-BEF0-AB6DE48CE333}.Debug|Any CPU.ActiveCfg = Debug|Any CPU
		{27EBE642-537A-4E3E-BEF0-AB6DE48CE333}.Debug|Any CPU.Build.0 = Debug|Any CPU
		{27EBE642-537A-4E3E-BEF0-AB6DE48CE333}.Debug|Any CPU.Deploy.0 = Debug|Any CPU
		{27EBE642-537A-4E3E-BEF0-AB6DE48CE333}.Debug|ARM.ActiveCfg = Debug|Any CPU
		{27EBE642-537A-4E3E-BEF0-AB6DE48CE333}.Debug|ARM.Build.0 = Debug|Any CPU
		{27EBE642-537A-4E3E-BEF0-AB6DE48CE333}.Debug|ARM.Deploy.0 = Debug|Any CPU
		{27EBE642-537A-4E3E-BEF0-AB6DE48CE333}.Debug|iPhone.ActiveCfg = Debug|Any CPU
		{27EBE642-537A-4E3E-BEF0-AB6DE48CE333}.Debug|iPhone.Build.0 = Debug|Any CPU
		{27EBE642-537A-4E3E-BEF0-AB6DE48CE333}.Debug|iPhone.Deploy.0 = Debug|Any CPU
		{27EBE642-537A-4E3E-BEF0-AB6DE48CE333}.Debug|iPhoneSimulator.ActiveCfg = Debug|Any CPU
		{27EBE642-537A-4E3E-BEF0-AB6DE48CE333}.Debug|iPhoneSimulator.Build.0 = Debug|Any CPU
		{27EBE642-537A-4E3E-BEF0-AB6DE48CE333}.Debug|iPhoneSimulator.Deploy.0 = Debug|Any CPU
		{27EBE642-537A-4E3E-BEF0-AB6DE48CE333}.Debug|x64.ActiveCfg = Debug|Any CPU
		{27EBE642-537A-4E3E-BEF0-AB6DE48CE333}.Debug|x64.Build.0 = Debug|Any CPU
		{27EBE642-537A-4E3E-BEF0-AB6DE48CE333}.Debug|x64.Deploy.0 = Debug|Any CPU
		{27EBE642-537A-4E3E-BEF0-AB6DE48CE333}.Debug|x86.ActiveCfg = Debug|Any CPU
		{27EBE642-537A-4E3E-BEF0-AB6DE48CE333}.Debug|x86.Build.0 = Debug|Any CPU
		{27EBE642-537A-4E3E-BEF0-AB6DE48CE333}.Debug|x86.Deploy.0 = Debug|Any CPU
		{27EBE642-537A-4E3E-BEF0-AB6DE48CE333}.Release|Any CPU.ActiveCfg = Release|Any CPU
		{27EBE642-537A-4E3E-BEF0-AB6DE48CE333}.Release|Any CPU.Build.0 = Release|Any CPU
		{27EBE642-537A-4E3E-BEF0-AB6DE48CE333}.Release|Any CPU.Deploy.0 = Release|Any CPU
		{27EBE642-537A-4E3E-BEF0-AB6DE48CE333}.Release|ARM.ActiveCfg = Release|Any CPU
		{27EBE642-537A-4E3E-BEF0-AB6DE48CE333}.Release|ARM.Build.0 = Release|Any CPU
		{27EBE642-537A-4E3E-BEF0-AB6DE48CE333}.Release|ARM.Deploy.0 = Release|Any CPU
		{27EBE642-537A-4E3E-BEF0-AB6DE48CE333}.Release|iPhone.ActiveCfg = Release|Any CPU
		{27EBE642-537A-4E3E-BEF0-AB6DE48CE333}.Release|iPhone.Build.0 = Release|Any CPU
		{27EBE642-537A-4E3E-BEF0-AB6DE48CE333}.Release|iPhone.Deploy.0 = Release|Any CPU
		{27EBE642-537A-4E3E-BEF0-AB6DE48CE333}.Release|iPhoneSimulator.ActiveCfg = Release|Any CPU
		{27EBE642-537A-4E3E-BEF0-AB6DE48CE333}.Release|iPhoneSimulator.Build.0 = Release|Any CPU
		{27EBE642-537A-4E3E-BEF0-AB6DE48CE333}.Release|iPhoneSimulator.Deploy.0 = Release|Any CPU
		{27EBE642-537A-4E3E-BEF0-AB6DE48CE333}.Release|x64.ActiveCfg = Release|Any CPU
		{27EBE642-537A-4E3E-BEF0-AB6DE48CE333}.Release|x64.Build.0 = Release|Any CPU
		{27EBE642-537A-4E3E-BEF0-AB6DE48CE333}.Release|x64.Deploy.0 = Release|Any CPU
		{27EBE642-537A-4E3E-BEF0-AB6DE48CE333}.Release|x86.ActiveCfg = Release|Any CPU
		{27EBE642-537A-4E3E-BEF0-AB6DE48CE333}.Release|x86.Build.0 = Release|Any CPU
		{27EBE642-537A-4E3E-BEF0-AB6DE48CE333}.Release|x86.Deploy.0 = Release|Any CPU
		{3439D07E-328D-4188-ADFD-D052267820A8}.Ad-Hoc|Any CPU.ActiveCfg = Ad-Hoc|iPhone
		{3439D07E-328D-4188-ADFD-D052267820A8}.Ad-Hoc|ARM.ActiveCfg = Ad-Hoc|iPhone
		{3439D07E-328D-4188-ADFD-D052267820A8}.Ad-Hoc|iPhone.ActiveCfg = Ad-Hoc|iPhone
		{3439D07E-328D-4188-ADFD-D052267820A8}.Ad-Hoc|iPhone.Build.0 = Ad-Hoc|iPhone
		{3439D07E-328D-4188-ADFD-D052267820A8}.Ad-Hoc|iPhoneSimulator.ActiveCfg = Ad-Hoc|iPhoneSimulator
		{3439D07E-328D-4188-ADFD-D052267820A8}.Ad-Hoc|iPhoneSimulator.Build.0 = Ad-Hoc|iPhoneSimulator
		{3439D07E-328D-4188-ADFD-D052267820A8}.Ad-Hoc|x64.ActiveCfg = Ad-Hoc|iPhone
		{3439D07E-328D-4188-ADFD-D052267820A8}.Ad-Hoc|x86.ActiveCfg = Ad-Hoc|iPhone
		{3439D07E-328D-4188-ADFD-D052267820A8}.AppStore|Any CPU.ActiveCfg = AppStore|iPhone
		{3439D07E-328D-4188-ADFD-D052267820A8}.AppStore|ARM.ActiveCfg = AppStore|iPhone
		{3439D07E-328D-4188-ADFD-D052267820A8}.AppStore|iPhone.ActiveCfg = AppStore|iPhone
		{3439D07E-328D-4188-ADFD-D052267820A8}.AppStore|iPhone.Build.0 = AppStore|iPhone
		{3439D07E-328D-4188-ADFD-D052267820A8}.AppStore|iPhoneSimulator.ActiveCfg = AppStore|iPhoneSimulator
		{3439D07E-328D-4188-ADFD-D052267820A8}.AppStore|iPhoneSimulator.Build.0 = AppStore|iPhoneSimulator
		{3439D07E-328D-4188-ADFD-D052267820A8}.AppStore|x64.ActiveCfg = AppStore|iPhone
		{3439D07E-328D-4188-ADFD-D052267820A8}.AppStore|x86.ActiveCfg = AppStore|iPhone
		{3439D07E-328D-4188-ADFD-D052267820A8}.Debug|Any CPU.ActiveCfg = Debug|iPhone
		{3439D07E-328D-4188-ADFD-D052267820A8}.Debug|ARM.ActiveCfg = Debug|iPhone
		{3439D07E-328D-4188-ADFD-D052267820A8}.Debug|iPhone.ActiveCfg = Debug|iPhone
		{3439D07E-328D-4188-ADFD-D052267820A8}.Debug|iPhone.Build.0 = Debug|iPhone
		{3439D07E-328D-4188-ADFD-D052267820A8}.Debug|iPhoneSimulator.ActiveCfg = Debug|iPhoneSimulator
		{3439D07E-328D-4188-ADFD-D052267820A8}.Debug|iPhoneSimulator.Build.0 = Debug|iPhoneSimulator
		{3439D07E-328D-4188-ADFD-D052267820A8}.Debug|x64.ActiveCfg = Debug|iPhone
		{3439D07E-328D-4188-ADFD-D052267820A8}.Debug|x86.ActiveCfg = Debug|iPhone
		{3439D07E-328D-4188-ADFD-D052267820A8}.Release|Any CPU.ActiveCfg = Release|iPhone
		{3439D07E-328D-4188-ADFD-D052267820A8}.Release|ARM.ActiveCfg = Release|iPhone
		{3439D07E-328D-4188-ADFD-D052267820A8}.Release|iPhone.ActiveCfg = Release|iPhone
		{3439D07E-328D-4188-ADFD-D052267820A8}.Release|iPhone.Build.0 = Release|iPhone
		{3439D07E-328D-4188-ADFD-D052267820A8}.Release|iPhoneSimulator.ActiveCfg = Release|iPhoneSimulator
		{3439D07E-328D-4188-ADFD-D052267820A8}.Release|iPhoneSimulator.Build.0 = Release|iPhoneSimulator
		{3439D07E-328D-4188-ADFD-D052267820A8}.Release|x64.ActiveCfg = Release|iPhone
		{3439D07E-328D-4188-ADFD-D052267820A8}.Release|x86.ActiveCfg = Release|iPhone
		{81D1D12D-FE2B-4985-BBA9-6C3EB4409DCC}.Ad-Hoc|Any CPU.ActiveCfg = Release|x86
		{81D1D12D-FE2B-4985-BBA9-6C3EB4409DCC}.Ad-Hoc|Any CPU.Build.0 = Release|x86
		{81D1D12D-FE2B-4985-BBA9-6C3EB4409DCC}.Ad-Hoc|Any CPU.Deploy.0 = Release|x86
		{81D1D12D-FE2B-4985-BBA9-6C3EB4409DCC}.Ad-Hoc|ARM.ActiveCfg = Release|ARM
		{81D1D12D-FE2B-4985-BBA9-6C3EB4409DCC}.Ad-Hoc|ARM.Build.0 = Release|ARM
		{81D1D12D-FE2B-4985-BBA9-6C3EB4409DCC}.Ad-Hoc|ARM.Deploy.0 = Release|ARM
		{81D1D12D-FE2B-4985-BBA9-6C3EB4409DCC}.Ad-Hoc|iPhone.ActiveCfg = Release|x86
		{81D1D12D-FE2B-4985-BBA9-6C3EB4409DCC}.Ad-Hoc|iPhone.Build.0 = Release|x86
		{81D1D12D-FE2B-4985-BBA9-6C3EB4409DCC}.Ad-Hoc|iPhone.Deploy.0 = Release|x86
		{81D1D12D-FE2B-4985-BBA9-6C3EB4409DCC}.Ad-Hoc|iPhoneSimulator.ActiveCfg = Release|x86
		{81D1D12D-FE2B-4985-BBA9-6C3EB4409DCC}.Ad-Hoc|iPhoneSimulator.Build.0 = Release|x86
		{81D1D12D-FE2B-4985-BBA9-6C3EB4409DCC}.Ad-Hoc|iPhoneSimulator.Deploy.0 = Release|x86
		{81D1D12D-FE2B-4985-BBA9-6C3EB4409DCC}.Ad-Hoc|x64.ActiveCfg = Release|x64
		{81D1D12D-FE2B-4985-BBA9-6C3EB4409DCC}.Ad-Hoc|x64.Build.0 = Release|x64
		{81D1D12D-FE2B-4985-BBA9-6C3EB4409DCC}.Ad-Hoc|x64.Deploy.0 = Release|x64
		{81D1D12D-FE2B-4985-BBA9-6C3EB4409DCC}.Ad-Hoc|x86.ActiveCfg = Release|x86
		{81D1D12D-FE2B-4985-BBA9-6C3EB4409DCC}.Ad-Hoc|x86.Build.0 = Release|x86
		{81D1D12D-FE2B-4985-BBA9-6C3EB4409DCC}.Ad-Hoc|x86.Deploy.0 = Release|x86
		{81D1D12D-FE2B-4985-BBA9-6C3EB4409DCC}.AppStore|Any CPU.ActiveCfg = Release|x86
		{81D1D12D-FE2B-4985-BBA9-6C3EB4409DCC}.AppStore|Any CPU.Build.0 = Release|x86
		{81D1D12D-FE2B-4985-BBA9-6C3EB4409DCC}.AppStore|Any CPU.Deploy.0 = Release|x86
		{81D1D12D-FE2B-4985-BBA9-6C3EB4409DCC}.AppStore|ARM.ActiveCfg = Release|ARM
		{81D1D12D-FE2B-4985-BBA9-6C3EB4409DCC}.AppStore|ARM.Build.0 = Release|ARM
		{81D1D12D-FE2B-4985-BBA9-6C3EB4409DCC}.AppStore|ARM.Deploy.0 = Release|ARM
		{81D1D12D-FE2B-4985-BBA9-6C3EB4409DCC}.AppStore|iPhone.ActiveCfg = Release|x86
		{81D1D12D-FE2B-4985-BBA9-6C3EB4409DCC}.AppStore|iPhone.Build.0 = Release|x86
		{81D1D12D-FE2B-4985-BBA9-6C3EB4409DCC}.AppStore|iPhone.Deploy.0 = Release|x86
		{81D1D12D-FE2B-4985-BBA9-6C3EB4409DCC}.AppStore|iPhoneSimulator.ActiveCfg = Release|x86
		{81D1D12D-FE2B-4985-BBA9-6C3EB4409DCC}.AppStore|iPhoneSimulator.Build.0 = Release|x86
		{81D1D12D-FE2B-4985-BBA9-6C3EB4409DCC}.AppStore|iPhoneSimulator.Deploy.0 = Release|x86
		{81D1D12D-FE2B-4985-BBA9-6C3EB4409DCC}.AppStore|x64.ActiveCfg = Release|x64
		{81D1D12D-FE2B-4985-BBA9-6C3EB4409DCC}.AppStore|x64.Build.0 = Release|x64
		{81D1D12D-FE2B-4985-BBA9-6C3EB4409DCC}.AppStore|x64.Deploy.0 = Release|x64
		{81D1D12D-FE2B-4985-BBA9-6C3EB4409DCC}.AppStore|x86.ActiveCfg = Release|x86
		{81D1D12D-FE2B-4985-BBA9-6C3EB4409DCC}.AppStore|x86.Build.0 = Release|x86
		{81D1D12D-FE2B-4985-BBA9-6C3EB4409DCC}.AppStore|x86.Deploy.0 = Release|x86
		{81D1D12D-FE2B-4985-BBA9-6C3EB4409DCC}.Debug|Any CPU.ActiveCfg = Debug|x86
		{81D1D12D-FE2B-4985-BBA9-6C3EB4409DCC}.Debug|ARM.ActiveCfg = Debug|ARM
		{81D1D12D-FE2B-4985-BBA9-6C3EB4409DCC}.Debug|ARM.Build.0 = Debug|ARM
		{81D1D12D-FE2B-4985-BBA9-6C3EB4409DCC}.Debug|ARM.Deploy.0 = Debug|ARM
		{81D1D12D-FE2B-4985-BBA9-6C3EB4409DCC}.Debug|iPhone.ActiveCfg = Debug|x86
		{81D1D12D-FE2B-4985-BBA9-6C3EB4409DCC}.Debug|iPhoneSimulator.ActiveCfg = Debug|x86
		{81D1D12D-FE2B-4985-BBA9-6C3EB4409DCC}.Debug|x64.ActiveCfg = Debug|x64
		{81D1D12D-FE2B-4985-BBA9-6C3EB4409DCC}.Debug|x64.Build.0 = Debug|x64
		{81D1D12D-FE2B-4985-BBA9-6C3EB4409DCC}.Debug|x64.Deploy.0 = Debug|x64
		{81D1D12D-FE2B-4985-BBA9-6C3EB4409DCC}.Debug|x86.ActiveCfg = Debug|x86
		{81D1D12D-FE2B-4985-BBA9-6C3EB4409DCC}.Debug|x86.Build.0 = Debug|x86
		{81D1D12D-FE2B-4985-BBA9-6C3EB4409DCC}.Debug|x86.Deploy.0 = Debug|x86
		{81D1D12D-FE2B-4985-BBA9-6C3EB4409DCC}.Release|Any CPU.ActiveCfg = Release|x86
		{81D1D12D-FE2B-4985-BBA9-6C3EB4409DCC}.Release|ARM.ActiveCfg = Release|ARM
		{81D1D12D-FE2B-4985-BBA9-6C3EB4409DCC}.Release|ARM.Build.0 = Release|ARM
		{81D1D12D-FE2B-4985-BBA9-6C3EB4409DCC}.Release|ARM.Deploy.0 = Release|ARM
		{81D1D12D-FE2B-4985-BBA9-6C3EB4409DCC}.Release|iPhone.ActiveCfg = Release|x86
		{81D1D12D-FE2B-4985-BBA9-6C3EB4409DCC}.Release|iPhoneSimulator.ActiveCfg = Release|x86
		{81D1D12D-FE2B-4985-BBA9-6C3EB4409DCC}.Release|x64.ActiveCfg = Release|x64
		{81D1D12D-FE2B-4985-BBA9-6C3EB4409DCC}.Release|x64.Build.0 = Release|x64
		{81D1D12D-FE2B-4985-BBA9-6C3EB4409DCC}.Release|x64.Deploy.0 = Release|x64
		{81D1D12D-FE2B-4985-BBA9-6C3EB4409DCC}.Release|x86.ActiveCfg = Release|x86
		{81D1D12D-FE2B-4985-BBA9-6C3EB4409DCC}.Release|x86.Build.0 = Release|x86
		{81D1D12D-FE2B-4985-BBA9-6C3EB4409DCC}.Release|x86.Deploy.0 = Release|x86
	EndGlobalSection
	GlobalSection(SolutionProperties) = preSolution
		HideSolutionNode = FALSE
	EndGlobalSection
EndGlobal
